<?xml version="1.0" encoding="utf-8"?>
<Project ToolsVersion="4.0" xmlns="http://schemas.microsoft.com/developer/msbuild/2003">
  <ItemGroup>
    <Filter Include="Файлы исходного кода">
      <UniqueIdentifier>{4FC737F1-C7A5-4376-A066-2A32D752A2FF}</UniqueIdentifier>
      <Extensions>cpp;c;cc;cxx;def;odl;idl;hpj;bat;asm;asmx</Extensions>
    </Filter>
    <Filter Include="Заголовочные файлы">
      <UniqueIdentifier>{93995380-89BD-4b04-88EB-625FBE52EBFB}</UniqueIdentifier>
      <Extensions>h;hpp;hxx;hm;inl;inc;xsd</Extensions>
    </Filter>
    <Filter Include="Файлы ресурсов">
      <UniqueIdentifier>{67DA6AB6-F800-4c08-8B7A-83BB121AAD01}</UniqueIdentifier>
      <Extensions>rc;ico;cur;bmp;dlg;rc2;rct;bin;rgs;gif;jpg;jpeg;jpe;resx;tiff;tif;png;wav;mfcribbon-ms</Extensions>
    </Filter>
    <Filter Include="Заголовочные файлы\BackGround">
      <UniqueIdentifier>{f7f60d80-dedc-4381-afab-26c0529155b6}</UniqueIdentifier>
    </Filter>
    <Filter Include="Заголовочные файлы\BackGround\Effect">
      <UniqueIdentifier>{64b6399c-b5e1-447a-9168-60709e8b858a}</UniqueIdentifier>
    </Filter>
    <Filter Include="Заголовочные файлы\BackGround\BG">
      <UniqueIdentifier>{970b8e25-3c40-48d2-954d-32dfeb522e12}</UniqueIdentifier>
    </Filter>
    <Filter Include="Заголовочные файлы\Castle">
      <UniqueIdentifier>{ee3993af-9d3b-4a8d-b6ec-acc35608627b}</UniqueIdentifier>
    </Filter>
    <Filter Include="Заголовочные файлы\Level">
      <UniqueIdentifier>{ce1b5883-592c-4255-b84b-37f10460de2b}</UniqueIdentifier>
    </Filter>
    <Filter Include="Заголовочные файлы\Unit">
      <UniqueIdentifier>{cc3029a7-f0c7-421d-a5f4-8a0d90709169}</UniqueIdentifier>
    </Filter>
    <Filter Include="Заголовочные файлы\TriggerKeyWord">
      <UniqueIdentifier>{bf9d9538-ed56-4358-aa91-47f363461c56}</UniqueIdentifier>
    </Filter>
  </ItemGroup>
  <ItemGroup>
    <ClInclude Include="System.h">
      <Filter>Заголовочные файлы</Filter>
    </ClInclude>
    <ClInclude Include="Texture.h">
      <Filter>Заголовочные файлы</Filter>
    </ClInclude>
    <ClInclude Include="Game.h">
      <Filter>Заголовочные файлы</Filter>
    </ClInclude>
    <ClInclude Include="oEffect_BG.h">
      <Filter>Заголовочные файлы\BackGround\Effect</Filter>
    </ClInclude>
    <ClInclude Include="oBackGround.h">
      <Filter>Заголовочные файлы\BackGround\BG</Filter>
    </ClInclude>
    <ClInclude Include="oCastle.h">
      <Filter>Заголовочные файлы\Castle</Filter>
    </ClInclude>
    <ClInclude Include="Castle_01.h">
      <Filter>Заголовочные файлы\Castle</Filter>
    </ClInclude>
    <ClInclude Include="oLevel.h">
      <Filter>Заголовочные файлы\Level</Filter>
    </ClInclude>
    <ClInclude Include="Level_01.h">
      <Filter>Заголовочные файлы\Level</Filter>
    </ClInclude>
    <ClInclude Include="Effect_FireFly.h">
      <Filter>Заголовочные файлы\BackGround\Effect</Filter>
    </ClInclude>
    <ClInclude Include="BG_ForestMountain.h">
      <Filter>Заголовочные файлы\BackGround\BG</Filter>
    </ClInclude>
    <ClInclude Include="oUnit.h">
      <Filter>Заголовочные файлы\Unit</Filter>
    </ClInclude>
    <ClInclude Include="Unit_Cyclop.h">
      <Filter>Заголовочные файлы\Unit</Filter>
    </ClInclude>
    <ClInclude Include="Animation.h">
      <Filter>Заголовочные файлы\Unit</Filter>
    </ClInclude>
    <ClInclude Include="oGun.h">
      <Filter>Заголовочные файлы\Castle</Filter>
    </ClInclude>
    <ClInclude Include="Gun_01.h">
      <Filter>Заголовочные файлы\Castle</Filter>
    </ClInclude>
    <ClInclude Include="oTrigg.h">
      <Filter>Заголовочные файлы\TriggerKeyWord</Filter>
    </ClInclude>
    <ClInclude Include="Trigg_Lighting.h">
      <Filter>Заголовочные файлы\TriggerKeyWord</Filter>
    </ClInclude>
    <ClInclude Include="Trigg_Rain.h">
      <Filter>Заголовочные файлы\TriggerKeyWord</Filter>
    </ClInclude>
    <ClInclude Include="Unit_Golem_01.h">
      <Filter>Заголовочные файлы\Unit</Filter>
    </ClInclude>
    <ClInclude Include="Trigg_Sleep.h">
      <Filter>Заголовочные файлы\TriggerKeyWord</Filter>
    </ClInclude>
  </ItemGroup>
  <ItemGroup>
    <ClCompile Include="System.cpp">
      <Filter>Файлы исходного кода</Filter>
    </ClCompile>
    <ClCompile Include="main.cpp">
      <Filter>Файлы исходного кода</Filter>
    </ClCompile>
  </ItemGroup>
</Project>